
Microsoft Visual Studio Solution File, Format Version 12.00
# Visual Studio Version 17
VisualStudioVersion = 17.4.33205.214
MinimumVisualStudioVersion = 10.0.40219.1
Project("{FAE04EC0-301F-11D3-BF4B-00C04F79EFBC}") = "webservicesreports", "webservicesreports\webservicesreports.csproj", "{5596DDCC-09A1-4995-942F-23573F4289AB}"
EndProject
Global
	GlobalSection(SolutionConfigurationPlatforms) = preSolution
		Debug|Any CPU = Debug|Any CPU
		Release|Any CPU = Release|Any CPU
	EndGlobalSection
	GlobalSection(ProjectConfigurationPlatforms) = postSolution
		{5596DDCC-09A1-4995-942F-23573F4289AB}.Debug|Any CPU.ActiveCfg = Debug|Any CPU
		{5596DDCC-09A1-4995-942F-23573F4289AB}.Debug|Any CPU.Build.0 = Debug|Any CPU
		{5596DDCC-09A1-4995-942F-23573F4289AB}.Release|Any CPU.ActiveCfg = Release|Any CPU
		{5596DDCC-09A1-4995-942F-23573F4289AB}.Release|Any CPU.Build.0 = Release|Any CPU
	EndGlobalSection
	GlobalSection(SolutionProperties) = preSolution
		HideSolutionNode = FALSE
	EndGlobalSection
	GlobalSection(ExtensibilityGlobals) = postSolution
		SolutionGuid = {2B7C95CF-1277-42E4-8162-6BCCD8685A97}
	EndGlobalSection
EndGlobal
